
Microsoft Visual Studio Solution File, Format Version 12.00
# Visual Studio Version 16
VisualStudioVersion = 16.0.29201.188
MinimumVisualStudioVersion = 10.0.40219.1
Project("{FAE04EC0-301F-11D3-BF4B-00C04F79EFBC}") = "Griefer", "Griefer\Griefer.csproj", "{2166E811-1324-42A1-BD87-23DD59F4A94D}"
EndProject
Global
	GlobalSection(SolutionConfigurationPlatforms) = preSolution
		Debug|Any CPU = Debug|Any CPU
		Release|Any CPU = Release|Any CPU
	EndGlobalSection
	GlobalSection(ProjectConfigurationPlatforms) = postSolution
		{2166E811-1324-42A1-BD87-23DD59F4A94D}.Debug|Any CPU.ActiveCfg = Debug|Any CPU
		{2166E811-1324-42A1-BD87-23DD59F4A94D}.Debug|Any CPU.Build.0 = Debug|Any CPU
		{2166E811-1324-42A1-BD87-23DD59F4A94D}.Release|Any CPU.ActiveCfg = Release|Any CPU
		{2166E811-1324-42A1-BD87-23DD59F4A94D}.Release|Any CPU.Build.0 = Release|Any CPU
	EndGlobalSection
	GlobalSection(SolutionProperties) = preSolution
		HideSolutionNode = FALSE
	EndGlobalSection
	GlobalSection(ExtensibilityGlobals) = postSolution
		SolutionGuid = {2389673D-9031-4BB7-8D8C-76D6530D0F4A}
	EndGlobalSection
EndGlobal
